
Microsoft Visual Studio Solution File, Format Version 11.00
# Visual Studio 2010
Project("{FAE04EC0-301F-11D3-BF4B-00C04F79EFBC}") = "XCore", "XCore\XCore.csproj", "{E3AA3F45-47EC-4DE9-922B-576BBC914705}"
EndProject
Project("{FAE04EC0-301F-11D3-BF4B-00C04F79EFBC}") = "XCore.4.0", "XCore\XCore.4.0.csproj", "{65DABAE8-A793-4496-8757-A9AA4FD5A4EE}"
EndProject
Project("{FAE04EC0-301F-11D3-BF4B-00C04F79EFBC}") = "XCore.3.5", "XCore\XCore.3.5.csproj", "{E1D1419E-4A77-4062-BD2D-62E692C39DAB}"
EndProject
Global
	GlobalSection(SolutionConfigurationPlatforms) = preSolution
		Debug|Any CPU = Debug|Any CPU
		Release|Any CPU = Release|Any CPU
	EndGlobalSection
	GlobalSection(ProjectConfigurationPlatforms) = postSolution
		{E3AA3F45-47EC-4DE9-922B-576BBC914705}.Debug|Any CPU.ActiveCfg = Debug|Any CPU
		{E3AA3F45-47EC-4DE9-922B-576BBC914705}.Debug|Any CPU.Build.0 = Debug|Any CPU
		{E3AA3F45-47EC-4DE9-922B-576BBC914705}.Release|Any CPU.ActiveCfg = Release|Any CPU
		{E3AA3F45-47EC-4DE9-922B-576BBC914705}.Release|Any CPU.Build.0 = Release|Any CPU
		{65DABAE8-A793-4496-8757-A9AA4FD5A4EE}.Debug|Any CPU.ActiveCfg = Debug|Any CPU
		{65DABAE8-A793-4496-8757-A9AA4FD5A4EE}.Debug|Any CPU.Build.0 = Debug|Any CPU
		{65DABAE8-A793-4496-8757-A9AA4FD5A4EE}.Release|Any CPU.ActiveCfg = Release|Any CPU
		{65DABAE8-A793-4496-8757-A9AA4FD5A4EE}.Release|Any CPU.Build.0 = Release|Any CPU
		{E1D1419E-4A77-4062-BD2D-62E692C39DAB}.Debug|Any CPU.ActiveCfg = Debug|Any CPU
		{E1D1419E-4A77-4062-BD2D-62E692C39DAB}.Debug|Any CPU.Build.0 = Debug|Any CPU
		{E1D1419E-4A77-4062-BD2D-62E692C39DAB}.Release|Any CPU.ActiveCfg = Release|Any CPU
		{E1D1419E-4A77-4062-BD2D-62E692C39DAB}.Release|Any CPU.Build.0 = Release|Any CPU
	EndGlobalSection
	GlobalSection(SolutionProperties) = preSolution
		HideSolutionNode = FALSE
	EndGlobalSection
EndGlobal
